// !$*UTF8*$!
{
	archiveVersion = 1;
	classes = {
	};
	objectVersion = 55;
	objects = {

/* Begin PBXBuildFile section */
		860EF4A828F67E030084651E /* queer_sex_edApp.swift in Sources */ = {isa = PBXBuildFile; fileRef = 860EF49828F67E020084651E /* queer_sex_edApp.swift */; };
		860EF4A928F67E030084651E /* queer_sex_edApp.swift in Sources */ = {isa = PBXBuildFile; fileRef = 860EF49828F67E020084651E /* queer_sex_edApp.swift */; };
		860EF4AA28F67E030084651E /* ContentView.swift in Sources */ = {isa = PBXBuildFile; fileRef = 860EF49928F67E020084651E /* ContentView.swift */; };
		860EF4AB28F67E030084651E /* ContentView.swift in Sources */ = {isa = PBXBuildFile; fileRef = 860EF49928F67E020084651E /* ContentView.swift */; };
		860EF4AC28F67E030084651E /* Assets.xcassets in Resources */ = {isa = PBXBuildFile; fileRef = 860EF49A28F67E030084651E /* Assets.xcassets */; };
		860EF4AD28F67E030084651E /* Assets.xcassets in Resources */ = {isa = PBXBuildFile; fileRef = 860EF49A28F67E030084651E /* Assets.xcassets */; };
		860EF4B728F684EC0084651E /* ChapterCard.swift in Sources */ = {isa = PBXBuildFile; fileRef = 860EF4B628F684EC0084651E /* ChapterCard.swift */; };
		860EF4B828F684EC0084651E /* ChapterCard.swift in Sources */ = {isa = PBXBuildFile; fileRef = 860EF4B628F684EC0084651E /* ChapterCard.swift */; };
		860EF4BA28F711710084651E /* CardData.swift in Sources */ = {isa = PBXBuildFile; fileRef = 860EF4B928F711710084651E /* CardData.swift */; };
		860EF4BB28F711710084651E /* CardData.swift in Sources */ = {isa = PBXBuildFile; fileRef = 860EF4B928F711710084651E /* CardData.swift */; };
		860EF4BD28F7191D0084651E /* ContentPageView.swift in Sources */ = {isa = PBXBuildFile; fileRef = 860EF4BC28F7191D0084651E /* ContentPageView.swift */; };
		860EF4BE28F7191D0084651E /* ContentPageView.swift in Sources */ = {isa = PBXBuildFile; fileRef = 860EF4BC28F7191D0084651E /* ContentPageView.swift */; };
/* End PBXBuildFile section */

/* Begin PBXFileReference section */
		860EF49828F67E020084651E /* queer_sex_edApp.swift */ = {isa = PBXFileReference; lastKnownFileType = sourcecode.swift; path = queer_sex_edApp.swift; sourceTree = "<group>"; };
		860EF49928F67E020084651E /* ContentView.swift */ = {isa = PBXFileReference; lastKnownFileType = sourcecode.swift; path = ContentView.swift; sourceTree = "<group>"; };
		860EF49A28F67E030084651E /* Assets.xcassets */ = {isa = PBXFileReference; lastKnownFileType = folder.assetcatalog; path = Assets.xcassets; sourceTree = "<group>"; };
		860EF49F28F67E030084651E /* queer-sex-ed.app */ = {isa = PBXFileReference; explicitFileType = wrapper.application; includeInIndex = 0; path = "queer-sex-ed.app"; sourceTree = BUILT_PRODUCTS_DIR; };
		860EF4A528F67E030084651E /* queer-sex-ed.app */ = {isa = PBXFileReference; explicitFileType = wrapper.application; includeInIndex = 0; path = "queer-sex-ed.app"; sourceTree = BUILT_PRODUCTS_DIR; };
		860EF4A728F67E030084651E /* macOS.entitlements */ = {isa = PBXFileReference; lastKnownFileType = text.plist.entitlements; path = macOS.entitlements; sourceTree = "<group>"; };
		860EF4B628F684EC0084651E /* ChapterCard.swift */ = {isa = PBXFileReference; lastKnownFileType = sourcecode.swift; path = ChapterCard.swift; sourceTree = "<group>"; };
		860EF4B928F711710084651E /* CardData.swift */ = {isa = PBXFileReference; lastKnownFileType = sourcecode.swift; path = CardData.swift; sourceTree = "<group>"; };
		860EF4BC28F7191D0084651E /* ContentPageView.swift */ = {isa = PBXFileReference; lastKnownFileType = sourcecode.swift; path = ContentPageView.swift; sourceTree = "<group>"; };
/* End PBXFileReference section */

/* Begin PBXFrameworksBuildPhase section */
		860EF49C28F67E030084651E /* Frameworks */ = {
			isa = PBXFrameworksBuildPhase;
			buildActionMask = 2147483647;
			files = (
			);
			runOnlyForDeploymentPostprocessing = 0;
		};
		860EF4A228F67E030084651E /* Frameworks */ = {
			isa = PBXFrameworksBuildPhase;
			buildActionMask = 2147483647;
			files = (
			);
			runOnlyForDeploymentPostprocessing = 0;
		};
/* End PBXFrameworksBuildPhase section */

/* Begin PBXGroup section */
		860EF49228F67E020084651E = {
			isa = PBXGroup;
			children = (
				860EF49728F67E020084651E /* Shared */,
				860EF4A628F67E030084651E /* macOS */,
				860EF4A028F67E030084651E /* Products */,
			);
			sourceTree = "<group>";
		};
		860EF49728F67E020084651E /* Shared */ = {
			isa = PBXGroup;
			children = (
				860EF49828F67E020084651E /* queer_sex_edApp.swift */,
				860EF49928F67E020084651E /* ContentView.swift */,
				860EF4BC28F7191D0084651E /* ContentPageView.swift */,
				860EF4B928F711710084651E /* CardData.swift */,
				860EF4B628F684EC0084651E /* ChapterCard.swift */,
				860EF49A28F67E030084651E /* Assets.xcassets */,
			);
			path = Shared;
			sourceTree = "<group>";
		};
		860EF4A028F67E030084651E /* Products */ = {
			isa = PBXGroup;
			children = (
				860EF49F28F67E030084651E /* queer-sex-ed.app */,
				860EF4A528F67E030084651E /* queer-sex-ed.app */,
			);
			name = Products;
			sourceTree = "<group>";
		};
		860EF4A628F67E030084651E /* macOS */ = {
			isa = PBXGroup;
			children = (
				860EF4A728F67E030084651E /* macOS.entitlements */,
			);
			path = macOS;
			sourceTree = "<group>";
		};
/* End PBXGroup section */

/* Begin PBXNativeTarget section */
		860EF49E28F67E030084651E /* queer-sex-ed (iOS) */ = {
			isa = PBXNativeTarget;
			buildConfigurationList = 860EF4B028F67E030084651E /* Build configuration list for PBXNativeTarget "queer-sex-ed (iOS)" */;
			buildPhases = (
				860EF49B28F67E030084651E /* Sources */,
				860EF49C28F67E030084651E /* Frameworks */,
				860EF49D28F67E030084651E /* Resources */,
			);
			buildRules = (
			);
			dependencies = (
			);
			name = "queer-sex-ed (iOS)";
			productName = "queer-sex-ed (iOS)";
			productReference = 860EF49F28F67E030084651E /* queer-sex-ed.app */;
			productType = "com.apple.product-type.application";
		};
		860EF4A428F67E030084651E /* queer-sex-ed (macOS) */ = {
			isa = PBXNativeTarget;
			buildConfigurationList = 860EF4B328F67E030084651E /* Build configuration list for PBXNativeTarget "queer-sex-ed (macOS)" */;
			buildPhases = (
				860EF4A128F67E030084651E /* Sources */,
				860EF4A228F67E030084651E /* Frameworks */,
				860EF4A328F67E030084651E /* Resources */,
			);
			buildRules = (
			);
			dependencies = (
			);
			name = "queer-sex-ed (macOS)";
			productName = "queer-sex-ed (macOS)";
			productReference = 860EF4A528F67E030084651E /* queer-sex-ed.app */;
			productType = "com.apple.product-type.application";
		};
/* End PBXNativeTarget section */

/* Begin PBXProject section */
		860EF49328F67E020084651E /* Project object */ = {
			isa = PBXProject;
			attributes = {
				BuildIndependentTargetsInParallel = 1;
				LastSwiftUpdateCheck = 1340;
				LastUpgradeCheck = 1340;
				TargetAttributes = {
					860EF49E28F67E030084651E = {
						CreatedOnToolsVersion = 13.4.1;
					};
					860EF4A428F67E030084651E = {
						CreatedOnToolsVersion = 13.4.1;
					};
				};
			};
			buildConfigurationList = 860EF49628F67E020084651E /* Build configuration list for PBXProject "queer-sex-ed" */;
			compatibilityVersion = "Xcode 13.0";
			developmentRegion = en;
			hasScannedForEncodings = 0;
			knownRegions = (
				en,
				Base,
			);
			mainGroup = 860EF49228F67E020084651E;
			productRefGroup = 860EF4A028F67E030084651E /* Products */;
			projectDirPath = "";
			projectRoot = "";
			targets = (
				860EF49E28F67E030084651E /* queer-sex-ed (iOS) */,
				860EF4A428F67E030084651E /* queer-sex-ed (macOS) */,
			);
		};
/* End PBXProject section */

/* Begin PBXResourcesBuildPhase section */
		860EF49D28F67E030084651E /* Resources */ = {
			isa = PBXResourcesBuildPhase;
			buildActionMask = 2147483647;
			files = (
				860EF4AC28F67E030084651E /* Assets.xcassets in Resources */,
			);
			runOnlyForDeploymentPostprocessing = 0;
		};
		860EF4A328F67E030084651E /* Resources */ = {
			isa = PBXResourcesBuildPhase;
			buildActionMask = 2147483647;
			files = (
				860EF4AD28F67E030084651E /* Assets.xcassets in Resources */,
			);
			runOnlyForDeploymentPostprocessing = 0;
		};
/* End PBXResourcesBuildPhase section */

/* Begin PBXSourcesBuildPhase section */
		860EF49B28F67E030084651E /* Sources */ = {
			isa = PBXSourcesBuildPhase;
			buildActionMask = 2147483647;
			files = (
				860EF4AA28F67E030084651E /* ContentView.swift in Sources */,
				860EF4BA28F711710084651E /* CardData.swift in Sources */,
				860EF4BD28F7191D0084651E /* ContentPageView.swift in Sources */,
				860EF4A828F67E030084651E /* queer_sex_edApp.swift in Sources */,
				860EF4B728F684EC0084651E /* ChapterCard.swift in Sources */,
			);
			runOnlyForDeploymentPostprocessing = 0;
		};
		860EF4A128F67E030084651E /* Sources */ = {
			isa = PBXSourcesBuildPhase;
			buildActionMask = 2147483647;
			files = (
				860EF4AB28F67E030084651E /* ContentView.swift in Sources */,
				860EF4BB28F711710084651E /* CardData.swift in Sources */,
				860EF4BE28F7191D0084651E /* ContentPageView.swift in Sources */,
				860EF4A928F67E030084651E /* queer_sex_edApp.swift in Sources */,
				860EF4B828F684EC0084651E /* ChapterCard.swift in Sources */,
			);
			runOnlyForDeploymentPostprocessing = 0;
		};
/* End PBXSourcesBuildPhase section */

/* Begin XCBuildConfiguration section */
		860EF4AE28F67E030084651E /* Debug */ = {
			isa = XCBuildConfiguration;
			buildSettings = {
				ALWAYS_SEARCH_USER_PATHS = NO;
				CLANG_ANALYZER_NONNULL = YES;
				CLANG_ANALYZER_NUMBER_OBJECT_CONVERSION = YES_AGGRESSIVE;
				CLANG_CXX_LANGUAGE_STANDARD = "gnu++17";
				CLANG_ENABLE_MODULES = YES;
				CLANG_ENABLE_OBJC_ARC = YES;
				CLANG_ENABLE_OBJC_WEAK = YES;
				CLANG_WARN_BLOCK_CAPTURE_AUTORELEASING = YES;
				CLANG_WARN_BOOL_CONVERSION = YES;
				CLANG_WARN_COMMA = YES;
				CLANG_WARN_CONSTANT_CONVERSION = YES;
				CLANG_WARN_DEPRECATED_OBJC_IMPLEMENTATIONS = YES;
				CLANG_WARN_DIRECT_OBJC_ISA_USAGE = YES_ERROR;
				CLANG_WARN_DOCUMENTATION_COMMENTS = YES;
				CLANG_WARN_EMPTY_BODY = YES;
				CLANG_WARN_ENUM_CONVERSION = YES;
				CLANG_WARN_INFINITE_RECURSION = YES;
				CLANG_WARN_INT_CONVERSION = YES;
				CLANG_WARN_NON_LITERAL_NULL_CONVERSION = YES;
				CLANG_WARN_OBJC_IMPLICIT_RETAIN_SELF = YES;
				CLANG_WARN_OBJC_LITERAL_CONVERSION = YES;
				CLANG_WARN_OBJC_ROOT_CLASS = YES_ERROR;
				CLANG_WARN_QUOTED_INCLUDE_IN_FRAMEWORK_HEADER = YES;
				CLANG_WARN_RANGE_LOOP_ANALYSIS = YES;
				CLANG_WARN_STRICT_PROTOTYPES = YES;
				CLANG_WARN_SUSPICIOUS_MOVE = YES;
				CLANG_WARN_UNGUARDED_AVAILABILITY = YES_AGGRESSIVE;
				CLANG_WARN_UNREACHABLE_CODE = YES;
				CLANG_WARN__DUPLICATE_METHOD_MATCH = YES;
				COPY_PHASE_STRIP = NO;
				DEBUG_INFORMATION_FORMAT = dwarf;
				ENABLE_STRICT_OBJC_MSGSEND = YES;
				ENABLE_TESTABILITY = YES;
				GCC_C_LANGUAGE_STANDARD = gnu11;
				GCC_DYNAMIC_NO_PIC = NO;
				GCC_NO_COMMON_BLOCKS = YES;
				GCC_OPTIMIZATION_LEVEL = 0;
				GCC_PREPROCESSOR_DEFINITIONS = (
					"DEBUG=1",
					"$(inherited)",
				);
				GCC_WARN_64_TO_32_BIT_CONVERSION = YES;
				GCC_WARN_ABOUT_RETURN_TYPE = YES_ERROR;
				GCC_WARN_UNDECLARED_SELECTOR = YES;
				GCC_WARN_UNINITIALIZED_AUTOS = YES_AGGRESSIVE;
				GCC_WARN_UNUSED_FUNCTION = YES;
				GCC_WARN_UNUSED_VARIABLE = YES;
				MTL_ENABLE_DEBUG_INFO = INCLUDE_SOURCE;
				MTL_FAST_MATH = YES;
				ONLY_ACTIVE_ARCH = YES;
				SWIFT_ACTIVE_COMPILATION_CONDITIONS = DEBUG;
				SWIFT_OPTIMIZATION_LEVEL = "-Onone";
			};
			name = Debug;
		};
		860EF4AF28F67E030084651E /* Release */ = {
			isa = XCBuildConfiguration;
			buildSettings = {
				ALWAYS_SEARCH_USER_PATHS = NO;
				CLANG_ANALYZER_NONNULL = YES;
				CLANG_ANALYZER_NUMBER_OBJECT_CONVERSION = YES_AGGRESSIVE;
				CLANG_CXX_LANGUAGE_STANDARD = "gnu++17";
				CLANG_ENABLE_MODULES = YES;
				CLANG_ENABLE_OBJC_ARC = YES;
				CLANG_ENABLE_OBJC_WEAK = YES;
				CLANG_WARN_BLOCK_CAPTURE_AUTORELEASING = YES;
				CLANG_WARN_BOOL_CONVERSION = YES;
				CLANG_WARN_COMMA = YES;
				CLANG_WARN_CONSTANT_CONVERSION = YES;
				CLANG_WARN_DEPRECATED_OBJC_IMPLEMENTATIONS = YES;
				CLANG_WARN_DIRECT_OBJC_ISA_USAGE = YES_ERROR;
				CLANG_WARN_DOCUMENTATION_COMMENTS = YES;
				CLANG_WARN_EMPTY_BODY = YES;
				CLANG_WARN_ENUM_CONVERSION = YES;
				CLANG_WARN_INFINITE_RECURSION = YES;
				CLANG_WARN_INT_CONVERSION = YES;
				CLANG_WARN_NON_LITERAL_NULL_CONVERSION = YES;
				CLANG_WARN_OBJC_IMPLICIT_RETAIN_SELF = YES;
				CLANG_WARN_OBJC_LITERAL_CONVERSION = YES;
				CLANG_WARN_OBJC_ROOT_CLASS = YES_ERROR;
				CLANG_WARN_QUOTED_INCLUDE_IN_FRAMEWORK_HEADER = YES;
				CLANG_WARN_RANGE_LOOP_ANALYSIS = YES;
				CLANG_WARN_STRICT_PROTOTYPES = YES;
				CLANG_WARN_SUSPICIOUS_MOVE = YES;
				CLANG_WARN_UNGUARDED_AVAILABILITY = YES_AGGRESSIVE;
				CLANG_WARN_UNREACHABLE_CODE = YES;
				CLANG_WARN__DUPLICATE_METHOD_MATCH = YES;
				COPY_PHASE_STRIP = NO;
				DEBUG_INFORMATION_FORMAT = "dwarf-with-dsym";
				ENABLE_NS_ASSERTIONS = NO;
				ENABLE_STRICT_OBJC_MSGSEND = YES;
				GCC_C_LANGUAGE_STANDARD = gnu11;
				GCC_NO_COMMON_BLOCKS = YES;
				GCC_WARN_64_TO_32_BIT_CONVERSION = YES;
				GCC_WARN_ABOUT_RETURN_TYPE = YES_ERROR;
				GCC_WARN_UNDECLARED_SELECTOR = YES;
				GCC_WARN_UNINITIALIZED_AUTOS = YES_AGGRESSIVE;
				GCC_WARN_UNUSED_FUNCTION = YES;
				GCC_WARN_UNUSED_VARIABLE = YES;
				MTL_ENABLE_DEBUG_INFO = NO;
				MTL_FAST_MATH = YES;
				SWIFT_COMPILATION_MODE = wholemodule;
				SWIFT_OPTIMIZATION_LEVEL = "-O";
			};
			name = Release;
		};
		860EF4B128F67E030084651E /* Debug */ = {
			isa = XCBuildConfiguration;
			buildSettings = {
				ASSETCATALOG_COMPILER_APPICON_NAME = AppIcon;
				ASSETCATALOG_COMPILER_GLOBAL_ACCENT_COLOR_NAME = AccentColor;
				CODE_SIGN_STYLE = Automatic;
				CURRENT_PROJECT_VERSION = 1;
				ENABLE_PREVIEWS = YES;
				GENERATE_INFOPLIST_FILE = YES;
				INFOPLIST_KEY_UIApplicationSceneManifest_Generation = YES;
				INFOPLIST_KEY_UIApplicationSupportsIndirectInputEvents = YES;
				INFOPLIST_KEY_UILaunchScreen_Generation = YES;
				INFOPLIST_KEY_UISupportedInterfaceOrientations_iPad = "UIInterfaceOrientationPortrait UIInterfaceOrientationPortraitUpsideDown UIInterfaceOrientationLandscapeLeft UIInterfaceOrientationLandscapeRight";
				INFOPLIST_KEY_UISupportedInterfaceOrientations_iPhone = "UIInterfaceOrientationPortrait UIInterfaceOrientationLandscapeLeft UIInterfaceOrientationLandscapeRight";
				IPHONEOS_DEPLOYMENT_TARGET = 15.5;
				LD_RUNPATH_SEARCH_PATHS = (
					"$(inherited)",
					"@executable_path/Frameworks",
				);
				MARKETING_VERSION = 1.0;
				PRODUCT_BUNDLE_IDENTIFIER = "devon-quispe.queer-sex-ed";
				PRODUCT_NAME = "queer-sex-ed";
				SDKROOT = iphoneos;
				SWIFT_EMIT_LOC_STRINGS = YES;
				SWIFT_VERSION = 5.0;
				TARGETED_DEVICE_FAMILY = "1,2";
			};
			name = Debug;
		};
		860EF4B228F67E030084651E /* Release */ = {
			isa = XCBuildConfiguration;
			buildSettings = {
				ASSETCATALOG_COMPILER_APPICON_NAME = AppIcon;
				ASSETCATALOG_COMPILER_GLOBAL_ACCENT_COLOR_NAME = AccentColor;
				CODE_SIGN_STYLE = Automatic;
				CURRENT_PROJECT_VERSION = 1;
				ENABLE_PREVIEWS = YES;
				GENERATE_INFOPLIST_FILE = YES;
				INFOPLIST_KEY_UIApplicationSceneManifest_Generation = YES;
				INFOPLIST_KEY_UIApplicationSupportsIndirectInputEvents = YES;
				INFOPLIST_KEY_UILaunchScreen_Generation = YES;
				INFOPLIST_KEY_UISupportedInterfaceOrientations_iPad = "UIInterfaceOrientationPortrait UIInterfaceOrientationPortraitUpsideDown UIInterfaceOrientationLandscapeLeft UIInterfaceOrientationLandscapeRight";
				INFOPLIST_KEY_UISupportedInterfaceOrientations_iPhone = "UIInterfaceOrientationPortrait UIInterfaceOrientationLandscapeLeft UIInterfaceOrientationLandscapeRight";
				IPHONEOS_DEPLOYMENT_TARGET = 15.5;
				LD_RUNPATH_SEARCH_PATHS = (
					"$(inherited)",
					"@executable_path/Frameworks",
				);
				MARKETING_VERSION = 1.0;
				PRODUCT_BUNDLE_IDENTIFIER = "devon-quispe.queer-sex-ed";
				PRODUCT_NAME = "queer-sex-ed";
				SDKROOT = iphoneos;
				SWIFT_EMIT_LOC_STRINGS = YES;
				SWIFT_VERSION = 5.0;
				TARGETED_DEVICE_FAMILY = "1,2";
				VALIDATE_PRODUCT = YES;
			};
			name = Release;
		};
		860EF4B428F67E030084651E /* Debug */ = {
			isa = XCBuildConfiguration;
			buildSettings = {
				ASSETCATALOG_COMPILER_APPICON_NAME = AppIcon;
				ASSETCATALOG_COMPILER_GLOBAL_ACCENT_COLOR_NAME = AccentColor;
				CODE_SIGN_ENTITLEMENTS = macOS/macOS.entitlements;
				CODE_SIGN_STYLE = Automatic;
				COMBINE_HIDPI_IMAGES = YES;
				CURRENT_PROJECT_VERSION = 1;
				ENABLE_PREVIEWS = YES;
				GENERATE_INFOPLIST_FILE = YES;
				INFOPLIST_KEY_NSHumanReadableCopyright = "";
				LD_RUNPATH_SEARCH_PATHS = (
					"$(inherited)",
					"@executable_path/../Frameworks",
				);
				MACOSX_DEPLOYMENT_TARGET = 12.2;
				MARKETING_VERSION = 1.0;
				PRODUCT_BUNDLE_IDENTIFIER = "devon-quispe.queer-sex-ed";
				PRODUCT_NAME = "queer-sex-ed";
				SDKROOT = macosx;
				SWIFT_EMIT_LOC_STRINGS = YES;
				SWIFT_VERSION = 5.0;
			};
			name = Debug;
		};
		860EF4B528F67E030084651E /* Release */ = {
			isa = XCBuildConfiguration;
			buildSettings = {
				ASSETCATALOG_COMPILER_APPICON_NAME = AppIcon;
				ASSETCATALOG_COMPILER_GLOBAL_ACCENT_COLOR_NAME = AccentColor;
				CODE_SIGN_ENTITLEMENTS = macOS/macOS.entitlements;
				CODE_SIGN_STYLE = Automatic;
				COMBINE_HIDPI_IMAGES = YES;
				CURRENT_PROJECT_VERSION = 1;
				ENABLE_PREVIEWS = YES;
				GENERATE_INFOPLIST_FILE = YES;
				INFOPLIST_KEY_NSHumanReadableCopyright = "";
				LD_RUNPATH_SEARCH_PATHS = (
					"$(inherited)",
					"@executable_path/../Frameworks",
				);
				MACOSX_DEPLOYMENT_TARGET = 12.2;
				MARKETING_VERSION = 1.0;
				PRODUCT_BUNDLE_IDENTIFIER = "devon-quispe.queer-sex-ed";
				PRODUCT_NAME = "queer-sex-ed";
				SDKROOT = macosx;
				SWIFT_EMIT_LOC_STRINGS = YES;
				SWIFT_VERSION = 5.0;
			};
			name = Release;
		};
/* End XCBuildConfiguration section */

/* Begin XCConfigurationList section */
		860EF49628F67E020084651E /* Build configuration list for PBXProject "queer-sex-ed" */ = {
			isa = XCConfigurationList;
			buildConfigurations = (
				860EF4AE28F67E030084651E /* Debug */,
				860EF4AF28F67E030084651E /* Release */,
			);
			defaultConfigurationIsVisible = 0;
			defaultConfigurationName = Release;
		};
		860EF4B028F67E030084651E /* Build configuration list for PBXNativeTarget "queer-sex-ed (iOS)" */ = {
			isa = XCConfigurationList;
			buildConfigurations = (
				860EF4B128F67E030084651E /* Debug */,
				860EF4B228F67E030084651E /* Release */,
			);
			defaultConfigurationIsVisible = 0;
			defaultConfigurationName = Release;
		};
		860EF4B328F67E030084651E /* Build configuration list for PBXNativeTarget "queer-sex-ed (macOS)" */ = {
			isa = XCConfigurationList;
			buildConfigurations = (
				860EF4B428F67E030084651E /* Debug */,
				860EF4B528F67E030084651E /* Release */,
			);
			defaultConfigurationIsVisible = 0;
			defaultConfigurationName = Release;
		};
/* End XCConfigurationList section */
	};
	rootObject = 860EF49328F67E020084651E /* Project object */;
}
